
Microsoft Visual Studio Solution File, Format Version 12.00
# Visual Studio 14
VisualStudioVersion = 14.0.24720.0
MinimumVisualStudioVersion = 10.0.40219.1
Project("{FAE04EC0-301F-11D3-BF4B-00C04F79EFBC}") = "ohm", "ohm\ohm.csproj", "{B38401A2-CBB3-4ABC-AB14-6A4BC01FB16E}"
EndProject
Global
	GlobalSection(SolutionConfigurationPlatforms) = preSolution
		Debug|Any CPU = Debug|Any CPU
		Release|Any CPU = Release|Any CPU
	EndGlobalSection
	GlobalSection(ProjectConfigurationPlatforms) = postSolution
		{B38401A2-CBB3-4ABC-AB14-6A4BC01FB16E}.Debug|Any CPU.ActiveCfg = Debug|Any CPU
		{B38401A2-CBB3-4ABC-AB14-6A4BC01FB16E}.Debug|Any CPU.Build.0 = Debug|Any CPU
		{B38401A2-CBB3-4ABC-AB14-6A4BC01FB16E}.Release|Any CPU.ActiveCfg = Release|Any CPU
		{B38401A2-CBB3-4ABC-AB14-6A4BC01FB16E}.Release|Any CPU.Build.0 = Release|Any CPU
	EndGlobalSection
	GlobalSection(SolutionProperties) = preSolution
		HideSolutionNode = FALSE
	EndGlobalSection
EndGlobal
